github.com/cardil/mattn-isatty v0.0.0-20230228121058-48002435730c h1:vitLC/i2BOWniuLac5nzO8B4idybJbTDejvh2N0n4nE=
github.com/cardil/mattn-isatty v0.0.0-20230228121058-48002435730c/go.mod h1:kYGgaQfpe5nmfYZH+SKPsOc2e4SrIfOl2e/yFXSvRLM=
golang.org/x/sys v0.0.0-20220811171246-fbc7d0a398ab h1:2QkjZIsXupsJbJIdSjjUOgWK3aEtzyuh2mPt3l/CkeU=
golang.org/x/sys v0.0.0-20220811171246-fbc7d0a398ab/go.mod h1:oPkhp1MJrh7nUepCBck5+mAzfO9JrbApNNgaTdGDITg=
